// !$*UTF8*$!
{
	archiveVersion = 1;
	classes = {
	};
	objectVersion = 50;
	objects = {

/* Begin PBXBuildFile section */
		019AC2E72460B26700F3F129 /* AppDelegate.swift in Sources */ = {isa = PBXBuildFile; fileRef = 019AC2E62460B26700F3F129 /* AppDelegate.swift */; };
		019AC2E92460B26700F3F129 /* SceneDelegate.swift in Sources */ = {isa = PBXBuildFile; fileRef = 019AC2E82460B26700F3F129 /* SceneDelegate.swift */; };
		019AC2EB2460B26700F3F129 /* ContentView.swift in Sources */ = {isa = PBXBuildFile; fileRef = 019AC2EA2460B26700F3F129 /* ContentView.swift */; };
		019AC2ED2460B26900F3F129 /* Assets.xcassets in Resources */ = {isa = PBXBuildFile; fileRef = 019AC2EC2460B26900F3F129 /* Assets.xcassets */; };
		019AC2F02460B26900F3F129 /* Preview Assets.xcassets in Resources */ = {isa = PBXBuildFile; fileRef = 019AC2EF2460B26900F3F129 /* Preview Assets.xcassets */; };
		019AC2F32460B26900F3F129 /* LaunchScreen.storyboard in Resources */ = {isa = PBXBuildFile; fileRef = 019AC2F12460B26900F3F129 /* LaunchScreen.storyboard */; };
		019AC2FB2460BF1300F3F129 /* MoviesDetail.swift in Sources */ = {isa = PBXBuildFile; fileRef = 019AC2FA2460BF1300F3F129 /* MoviesDetail.swift */; };
		019AC2FD2461A09600F3F129 /* ClassWork4.swift in Sources */ = {isa = PBXBuildFile; fileRef = 019AC2FC2461A09600F3F129 /* ClassWork4.swift */; };
		019AC2FF2461EBCB00F3F129 /* Assignment2.swift in Sources */ = {isa = PBXBuildFile; fileRef = 019AC2FE2461EBCB00F3F129 /* Assignment2.swift */; };
		019AC3012461EC8000F3F129 /* athkar.swift in Sources */ = {isa = PBXBuildFile; fileRef = 019AC3002461EC8000F3F129 /* athkar.swift */; };
		019AC3032461EEC700F3F129 /* DetailAssignment2.swift in Sources */ = {isa = PBXBuildFile; fileRef = 019AC3022461EEC700F3F129 /* DetailAssignment2.swift */; };
		019AC3052461F5A400F3F129 /* structAthkar.swift in Sources */ = {isa = PBXBuildFile; fileRef = 019AC3042461F5A400F3F129 /* structAthkar.swift */; };
		019AC3092461F66000F3F129 /* structAssignment2.swift in Sources */ = {isa = PBXBuildFile; fileRef = 019AC3082461F66000F3F129 /* structAssignment2.swift */; };
		019AC30B2461F89500F3F129 /* Calculator.swift in Sources */ = {isa = PBXBuildFile; fileRef = 019AC30A2461F89500F3F129 /* Calculator.swift */; };
/* End PBXBuildFile section */

/* Begin PBXFileReference section */
		019AC2E32460B26700F3F129 /* Day2.app */ = {isa = PBXFileReference; explicitFileType = wrapper.application; includeInIndex = 0; path = Day2.app; sourceTree = BUILT_PRODUCTS_DIR; };
		019AC2E62460B26700F3F129 /* AppDelegate.swift */ = {isa = PBXFileReference; lastKnownFileType = sourcecode.swift; path = AppDelegate.swift; sourceTree = "<group>"; };
		019AC2E82460B26700F3F129 /* SceneDelegate.swift */ = {isa = PBXFileReference; lastKnownFileType = sourcecode.swift; path = SceneDelegate.swift; sourceTree = "<group>"; };
		019AC2EA2460B26700F3F129 /* ContentView.swift */ = {isa = PBXFileReference; lastKnownFileType = sourcecode.swift; path = ContentView.swift; sourceTree = "<group>"; };
		019AC2EC2460B26900F3F129 /* Assets.xcassets */ = {isa = PBXFileReference; lastKnownFileType = folder.assetcatalog; path = Assets.xcassets; sourceTree = "<group>"; };
		019AC2EF2460B26900F3F129 /* Preview Assets.xcassets */ = {isa = PBXFileReference; lastKnownFileType = folder.assetcatalog; path = "Preview Assets.xcassets"; sourceTree = "<group>"; };
		019AC2F22460B26900F3F129 /* Base */ = {isa = PBXFileReference; lastKnownFileType = file.storyboard; name = Base; path = Base.lproj/LaunchScreen.storyboard; sourceTree = "<group>"; };
		019AC2F42460B26900F3F129 /* Info.plist */ = {isa = PBXFileReference; lastKnownFileType = text.plist.xml; path = Info.plist; sourceTree = "<group>"; };
		019AC2FA2460BF1300F3F129 /* MoviesDetail.swift */ = {isa = PBXFileReference; lastKnownFileType = sourcecode.swift; path = MoviesDetail.swift; sourceTree = "<group>"; };
		019AC2FC2461A09600F3F129 /* ClassWork4.swift */ = {isa = PBXFileReference; lastKnownFileType = sourcecode.swift; path = ClassWork4.swift; sourceTree = "<group>"; };
		019AC2FE2461EBCB00F3F129 /* Assignment2.swift */ = {isa = PBXFileReference; lastKnownFileType = sourcecode.swift; path = Assignment2.swift; sourceTree = "<group>"; };
		019AC3002461EC8000F3F129 /* athkar.swift */ = {isa = PBXFileReference; lastKnownFileType = sourcecode.swift; path = athkar.swift; sourceTree = "<group>"; };
		019AC3022461EEC700F3F129 /* DetailAssignment2.swift */ = {isa = PBXFileReference; lastKnownFileType = sourcecode.swift; path = DetailAssignment2.swift; sourceTree = "<group>"; };
		019AC3042461F5A400F3F129 /* structAthkar.swift */ = {isa = PBXFileReference; lastKnownFileType = sourcecode.swift; path = structAthkar.swift; sourceTree = "<group>"; };
		019AC3082461F66000F3F129 /* structAssignment2.swift */ = {isa = PBXFileReference; lastKnownFileType = sourcecode.swift; path = structAssignment2.swift; sourceTree = "<group>"; };
		019AC30A2461F89500F3F129 /* Calculator.swift */ = {isa = PBXFileReference; lastKnownFileType = sourcecode.swift; path = Calculator.swift; sourceTree = "<group>"; };
/* End PBXFileReference section */

/* Begin PBXFrameworksBuildPhase section */
		019AC2E02460B26700F3F129 /* Frameworks */ = {
			isa = PBXFrameworksBuildPhase;
			buildActionMask = 2147483647;
			files = (
			);
			runOnlyForDeploymentPostprocessing = 0;
		};
/* End PBXFrameworksBuildPhase section */

/* Begin PBXGroup section */
		019AC2DA2460B26700F3F129 = {
			isa = PBXGroup;
			children = (
				019AC2E52460B26700F3F129 /* Day2 */,
				019AC2E42460B26700F3F129 /* Products */,
			);
			sourceTree = "<group>";
		};
		019AC2E42460B26700F3F129 /* Products */ = {
			isa = PBXGroup;
			children = (
				019AC2E32460B26700F3F129 /* Day2.app */,
			);
			name = Products;
			sourceTree = "<group>";
		};
		019AC2E52460B26700F3F129 /* Day2 */ = {
			isa = PBXGroup;
			children = (
				019AC2E62460B26700F3F129 /* AppDelegate.swift */,
				019AC3082461F66000F3F129 /* structAssignment2.swift */,
				019AC2E82460B26700F3F129 /* SceneDelegate.swift */,
				019AC3042461F5A400F3F129 /* structAthkar.swift */,
				019AC3022461EEC700F3F129 /* DetailAssignment2.swift */,
				019AC3002461EC8000F3F129 /* athkar.swift */,
				019AC2FE2461EBCB00F3F129 /* Assignment2.swift */,
				019AC2FA2460BF1300F3F129 /* MoviesDetail.swift */,
				019AC2FC2461A09600F3F129 /* ClassWork4.swift */,
				019AC30A2461F89500F3F129 /* Calculator.swift */,
				019AC2EA2460B26700F3F129 /* ContentView.swift */,
				019AC2EC2460B26900F3F129 /* Assets.xcassets */,
				019AC2F12460B26900F3F129 /* LaunchScreen.storyboard */,
				019AC2F42460B26900F3F129 /* Info.plist */,
				019AC2EE2460B26900F3F129 /* Preview Content */,
			);
			path = Day2;
			sourceTree = "<group>";
		};
		019AC2EE2460B26900F3F129 /* Preview Content */ = {
			isa = PBXGroup;
			children = (
				019AC2EF2460B26900F3F129 /* Preview Assets.xcassets */,
			);
			path = "Preview Content";
			sourceTree = "<group>";
		};
/* End PBXGroup section */

/* Begin PBXNativeTarget section */
		019AC2E22460B26700F3F129 /* Day2 */ = {
			isa = PBXNativeTarget;
			buildConfigurationList = 019AC2F72460B26900F3F129 /* Build configuration list for PBXNativeTarget "Day2" */;
			buildPhases = (
				019AC2DF2460B26700F3F129 /* Sources */,
				019AC2E02460B26700F3F129 /* Frameworks */,
				019AC2E12460B26700F3F129 /* Resources */,
			);
			buildRules = (
			);
			dependencies = (
			);
			name = Day2;
			productName = Day2;
			productReference = 019AC2E32460B26700F3F129 /* Day2.app */;
			productType = "com.apple.product-type.application";
		};
/* End PBXNativeTarget section */

/* Begin PBXProject section */
		019AC2DB2460B26700F3F129 /* Project object */ = {
			isa = PBXProject;
			attributes = {
				LastSwiftUpdateCheck = 1140;
				LastUpgradeCheck = 1140;
				ORGANIZATIONNAME = Alyaa;
				TargetAttributes = {
					019AC2E22460B26700F3F129 = {
						CreatedOnToolsVersion = 11.4.1;
					};
				};
			};
			buildConfigurationList = 019AC2DE2460B26700F3F129 /* Build configuration list for PBXProject "Day2" */;
			compatibilityVersion = "Xcode 9.3";
			developmentRegion = en;
			hasScannedForEncodings = 0;
			knownRegions = (
				en,
				Base,
			);
			mainGroup = 019AC2DA2460B26700F3F129;
			productRefGroup = 019AC2E42460B26700F3F129 /* Products */;
			projectDirPath = "";
			projectRoot = "";
			targets = (
				019AC2E22460B26700F3F129 /* Day2 */,
			);
		};
/* End PBXProject section */

/* Begin PBXResourcesBuildPhase section */
		019AC2E12460B26700F3F129 /* Resources */ = {
			isa = PBXResourcesBuildPhase;
			buildActionMask = 2147483647;
			files = (
				019AC2F32460B26900F3F129 /* LaunchScreen.storyboard in Resources */,
				019AC2F02460B26900F3F129 /* Preview Assets.xcassets in Resources */,
				019AC2ED2460B26900F3F129 /* Assets.xcassets in Resources */,
			);
			runOnlyForDeploymentPostprocessing = 0;
		};
/* End PBXResourcesBuildPhase section */

/* Begin PBXSourcesBuildPhase section */
		019AC2DF2460B26700F3F129 /* Sources */ = {
			isa = PBXSourcesBuildPhase;
			buildActionMask = 2147483647;
			files = (
				019AC3092461F66000F3F129 /* structAssignment2.swift in Sources */,
				019AC3032461EEC700F3F129 /* DetailAssignment2.swift in Sources */,
				019AC2FD2461A09600F3F129 /* ClassWork4.swift in Sources */,
				019AC30B2461F89500F3F129 /* Calculator.swift in Sources */,
				019AC3012461EC8000F3F129 /* athkar.swift in Sources */,
				019AC2E72460B26700F3F129 /* AppDelegate.swift in Sources */,
				019AC2E92460B26700F3F129 /* SceneDelegate.swift in Sources */,
				019AC2FF2461EBCB00F3F129 /* Assignment2.swift in Sources */,
				019AC2EB2460B26700F3F129 /* ContentView.swift in Sources */,
				019AC2FB2460BF1300F3F129 /* MoviesDetail.swift in Sources */,
				019AC3052461F5A400F3F129 /* structAthkar.swift in Sources */,
			);
			runOnlyForDeploymentPostprocessing = 0;
		};
/* End PBXSourcesBuildPhase section */

/* Begin PBXVariantGroup section */
		019AC2F12460B26900F3F129 /* LaunchScreen.storyboard */ = {
			isa = PBXVariantGroup;
			children = (
				019AC2F22460B26900F3F129 /* Base */,
			);
			name = LaunchScreen.storyboard;
			sourceTree = "<group>";
		};
/* End PBXVariantGroup section */

/* Begin XCBuildConfiguration section */
		019AC2F52460B26900F3F129 /* Debug */ = {
			isa = XCBuildConfiguration;
			buildSettings = {
				ALWAYS_SEARCH_USER_PATHS = NO;
				CLANG_ANALYZER_NONNULL = YES;
				CLANG_ANALYZER_NUMBER_OBJECT_CONVERSION = YES_AGGRESSIVE;
				CLANG_CXX_LANGUAGE_STANDARD = "gnu++14";
				CLANG_CXX_LIBRARY = "libc++";
				CLANG_ENABLE_MODULES = YES;
				CLANG_ENABLE_OBJC_ARC = YES;
				CLANG_ENABLE_OBJC_WEAK = YES;
				CLANG_WARN_BLOCK_CAPTURE_AUTORELEASING = YES;
				CLANG_WARN_BOOL_CONVERSION = YES;
				CLANG_WARN_COMMA = YES;
				CLANG_WARN_CONSTANT_CONVERSION = YES;
				CLANG_WARN_DEPRECATED_OBJC_IMPLEMENTATIONS = YES;
				CLANG_WARN_DIRECT_OBJC_ISA_USAGE = YES_ERROR;
				CLANG_WARN_DOCUMENTATION_COMMENTS = YES;
				CLANG_WARN_EMPTY_BODY = YES;
				CLANG_WARN_ENUM_CONVERSION = YES;
				CLANG_WARN_INFINITE_RECURSION = YES;
				CLANG_WARN_INT_CONVERSION = YES;
				CLANG_WARN_NON_LITERAL_NULL_CONVERSION = YES;
				CLANG_WARN_OBJC_IMPLICIT_RETAIN_SELF = YES;
				CLANG_WARN_OBJC_LITERAL_CONVERSION = YES;
				CLANG_WARN_OBJC_ROOT_CLASS = YES_ERROR;
				CLANG_WARN_RANGE_LOOP_ANALYSIS = YES;
				CLANG_WARN_STRICT_PROTOTYPES = YES;
				CLANG_WARN_SUSPICIOUS_MOVE = YES;
				CLANG_WARN_UNGUARDED_AVAILABILITY = YES_AGGRESSIVE;
				CLANG_WARN_UNREACHABLE_CODE = YES;
				CLANG_WARN__DUPLICATE_METHOD_MATCH = YES;
				COPY_PHASE_STRIP = NO;
				DEBUG_INFORMATION_FORMAT = dwarf;
				ENABLE_STRICT_OBJC_MSGSEND = YES;
				ENABLE_TESTABILITY = YES;
				GCC_C_LANGUAGE_STANDARD = gnu11;
				GCC_DYNAMIC_NO_PIC = NO;
				GCC_NO_COMMON_BLOCKS = YES;
				GCC_OPTIMIZATION_LEVEL = 0;
				GCC_PREPROCESSOR_DEFINITIONS = (
					"DEBUG=1",
					"$(inherited)",
				);
				GCC_WARN_64_TO_32_BIT_CONVERSION = YES;
				GCC_WARN_ABOUT_RETURN_TYPE = YES_ERROR;
				GCC_WARN_UNDECLARED_SELECTOR = YES;
				GCC_WARN_UNINITIALIZED_AUTOS = YES_AGGRESSIVE;
				GCC_WARN_UNUSED_FUNCTION = YES;
				GCC_WARN_UNUSED_VARIABLE = YES;
				IPHONEOS_DEPLOYMENT_TARGET = 13.4;
				MTL_ENABLE_DEBUG_INFO = INCLUDE_SOURCE;
				MTL_FAST_MATH = YES;
				ONLY_ACTIVE_ARCH = YES;
				SDKROOT = iphoneos;
				SWIFT_ACTIVE_COMPILATION_CONDITIONS = DEBUG;
				SWIFT_OPTIMIZATION_LEVEL = "-Onone";
			};
			name = Debug;
		};
		019AC2F62460B26900F3F129 /* Release */ = {
			isa = XCBuildConfiguration;
			buildSettings = {
				ALWAYS_SEARCH_USER_PATHS = NO;
				CLANG_ANALYZER_NONNULL = YES;
				CLANG_ANALYZER_NUMBER_OBJECT_CONVERSION = YES_AGGRESSIVE;
				CLANG_CXX_LANGUAGE_STANDARD = "gnu++14";
				CLANG_CXX_LIBRARY = "libc++";
				CLANG_ENABLE_MODULES = YES;
				CLANG_ENABLE_OBJC_ARC = YES;
				CLANG_ENABLE_OBJC_WEAK = YES;
				CLANG_WARN_BLOCK_CAPTURE_AUTORELEASING = YES;
				CLANG_WARN_BOOL_CONVERSION = YES;
				CLANG_WARN_COMMA = YES;
				CLANG_WARN_CONSTANT_CONVERSION = YES;
				CLANG_WARN_DEPRECATED_OBJC_IMPLEMENTATIONS = YES;
				CLANG_WARN_DIRECT_OBJC_ISA_USAGE = YES_ERROR;
				CLANG_WARN_DOCUMENTATION_COMMENTS = YES;
				CLANG_WARN_EMPTY_BODY = YES;
				CLANG_WARN_ENUM_CONVERSION = YES;
				CLANG_WARN_INFINITE_RECURSION = YES;
				CLANG_WARN_INT_CONVERSION = YES;
				CLANG_WARN_NON_LITERAL_NULL_CONVERSION = YES;
				CLANG_WARN_OBJC_IMPLICIT_RETAIN_SELF = YES;
				CLANG_WARN_OBJC_LITERAL_CONVERSION = YES;
				CLANG_WARN_OBJC_ROOT_CLASS = YES_ERROR;
				CLANG_WARN_RANGE_LOOP_ANALYSIS = YES;
				CLANG_WARN_STRICT_PROTOTYPES = YES;
				CLANG_WARN_SUSPICIOUS_MOVE = YES;
				CLANG_WARN_UNGUARDED_AVAILABILITY = YES_AGGRESSIVE;
				CLANG_WARN_UNREACHABLE_CODE = YES;
				CLANG_WARN__DUPLICATE_METHOD_MATCH = YES;
				COPY_PHASE_STRIP = NO;
				DEBUG_INFORMATION_FORMAT = "dwarf-with-dsym";
				ENABLE_NS_ASSERTIONS = NO;
				ENABLE_STRICT_OBJC_MSGSEND = YES;
				GCC_C_LANGUAGE_STANDARD = gnu11;
				GCC_NO_COMMON_BLOCKS = YES;
				GCC_WARN_64_TO_32_BIT_CONVERSION = YES;
				GCC_WARN_ABOUT_RETURN_TYPE = YES_ERROR;
				GCC_WARN_UNDECLARED_SELECTOR = YES;
				GCC_WARN_UNINITIALIZED_AUTOS = YES_AGGRESSIVE;
				GCC_WARN_UNUSED_FUNCTION = YES;
				GCC_WARN_UNUSED_VARIABLE = YES;
				IPHONEOS_DEPLOYMENT_TARGET = 13.4;
				MTL_ENABLE_DEBUG_INFO = NO;
				MTL_FAST_MATH = YES;
				SDKROOT = iphoneos;
				SWIFT_COMPILATION_MODE = wholemodule;
				SWIFT_OPTIMIZATION_LEVEL = "-O";
				VALIDATE_PRODUCT = YES;
			};
			name = Release;
		};
		019AC2F82460B26900F3F129 /* Debug */ = {
			isa = XCBuildConfiguration;
			buildSettings = {
				ASSETCATALOG_COMPILER_APPICON_NAME = AppIcon;
				CODE_SIGN_STYLE = Automatic;
				DEVELOPMENT_ASSET_PATHS = "\"Day2/Preview Content\"";
				DEVELOPMENT_TEAM = M362B4ZZL6;
				ENABLE_PREVIEWS = YES;
				INFOPLIST_FILE = Day2/Info.plist;
				LD_RUNPATH_SEARCH_PATHS = (
					"$(inherited)",
					"@executable_path/Frameworks",
				);
				PRODUCT_BUNDLE_IDENTIFIER = com.Alyaa.Day2;
				PRODUCT_NAME = "$(TARGET_NAME)";
				SWIFT_VERSION = 5.0;
				TARGETED_DEVICE_FAMILY = "1,2";
			};
			name = Debug;
		};
		019AC2F92460B26900F3F129 /* Release */ = {
			isa = XCBuildConfiguration;
			buildSettings = {
				ASSETCATALOG_COMPILER_APPICON_NAME = AppIcon;
				CODE_SIGN_STYLE = Automatic;
				DEVELOPMENT_ASSET_PATHS = "\"Day2/Preview Content\"";
				DEVELOPMENT_TEAM = M362B4ZZL6;
				ENABLE_PREVIEWS = YES;
				INFOPLIST_FILE = Day2/Info.plist;
				LD_RUNPATH_SEARCH_PATHS = (
					"$(inherited)",
					"@executable_path/Frameworks",
				);
				PRODUCT_BUNDLE_IDENTIFIER = com.Alyaa.Day2;
				PRODUCT_NAME = "$(TARGET_NAME)";
				SWIFT_VERSION = 5.0;
				TARGETED_DEVICE_FAMILY = "1,2";
			};
			name = Release;
		};
/* End XCBuildConfiguration section */

/* Begin XCConfigurationList section */
		019AC2DE2460B26700F3F129 /* Build configuration list for PBXProject "Day2" */ = {
			isa = XCConfigurationList;
			buildConfigurations = (
				019AC2F52460B26900F3F129 /* Debug */,
				019AC2F62460B26900F3F129 /* Release */,
			);
			defaultConfigurationIsVisible = 0;
			defaultConfigurationName = Release;
		};
		019AC2F72460B26900F3F129 /* Build configuration list for PBXNativeTarget "Day2" */ = {
			isa = XCConfigurationList;
			buildConfigurations = (
				019AC2F82460B26900F3F129 /* Debug */,
				019AC2F92460B26900F3F129 /* Release */,
			);
			defaultConfigurationIsVisible = 0;
			defaultConfigurationName = Release;
		};
/* End XCConfigurationList section */
	};
	rootObject = 019AC2DB2460B26700F3F129 /* Project object */;
}
